
Microsoft Visual Studio Solution File, Format Version 12.00
# Visual Studio 2013
VisualStudioVersion = 12.0.31101.0
MinimumVisualStudioVersion = 10.0.40219.1
Project("{FAE04EC0-301F-11D3-BF4B-00C04F79EFBC}") = "ParallelWorkshop", "ParallelWorkshop\ParallelWorkshop.csproj", "{65BA215A-5C2F-4C6E-B364-936E33CB08B2}"
EndProject
Project("{FAE04EC0-301F-11D3-BF4B-00C04F79EFBC}") = "FileData", "FileData\FileData.csproj", "{D5AF3635-1554-49E0-A560-0B928145E8B0}"
EndProject
Project("{FAE04EC0-301F-11D3-BF4B-00C04F79EFBC}") = "FileDataTests", "FileDataTests\FileDataTests.csproj", "{5AFC5A46-D8A7-4EA2-8E31-F3848BA4E1CE}"
EndProject
Project("{2150E333-8FDC-42A3-9474-1A3956D46DE8}") = ".nuget", ".nuget", "{4A0EB6F5-633D-41F6-90C5-15509227F31F}"
	ProjectSection(SolutionItems) = preProject
		.nuget\NuGet.Config = .nuget\NuGet.Config
		.nuget\NuGet.exe = .nuget\NuGet.exe
		.nuget\NuGet.targets = .nuget\NuGet.targets
	EndProjectSection
EndProject
Project("{2150E333-8FDC-42A3-9474-1A3956D46DE8}") = "Infrastructure", "Infrastructure", "{092562A0-C645-4D40-9607-90820FBAAC7D}"
EndProject
Global
	GlobalSection(SolutionConfigurationPlatforms) = preSolution
		Debug|Any CPU = Debug|Any CPU
		Release|Any CPU = Release|Any CPU
	EndGlobalSection
	GlobalSection(ProjectConfigurationPlatforms) = postSolution
		{65BA215A-5C2F-4C6E-B364-936E33CB08B2}.Debug|Any CPU.ActiveCfg = Debug|Any CPU
		{65BA215A-5C2F-4C6E-B364-936E33CB08B2}.Debug|Any CPU.Build.0 = Debug|Any CPU
		{65BA215A-5C2F-4C6E-B364-936E33CB08B2}.Release|Any CPU.ActiveCfg = Release|Any CPU
		{65BA215A-5C2F-4C6E-B364-936E33CB08B2}.Release|Any CPU.Build.0 = Release|Any CPU
		{D5AF3635-1554-49E0-A560-0B928145E8B0}.Debug|Any CPU.ActiveCfg = Debug|Any CPU
		{D5AF3635-1554-49E0-A560-0B928145E8B0}.Debug|Any CPU.Build.0 = Debug|Any CPU
		{D5AF3635-1554-49E0-A560-0B928145E8B0}.Release|Any CPU.ActiveCfg = Release|Any CPU
		{D5AF3635-1554-49E0-A560-0B928145E8B0}.Release|Any CPU.Build.0 = Release|Any CPU
		{5AFC5A46-D8A7-4EA2-8E31-F3848BA4E1CE}.Debug|Any CPU.ActiveCfg = Debug|Any CPU
		{5AFC5A46-D8A7-4EA2-8E31-F3848BA4E1CE}.Debug|Any CPU.Build.0 = Debug|Any CPU
		{5AFC5A46-D8A7-4EA2-8E31-F3848BA4E1CE}.Release|Any CPU.ActiveCfg = Release|Any CPU
		{5AFC5A46-D8A7-4EA2-8E31-F3848BA4E1CE}.Release|Any CPU.Build.0 = Release|Any CPU
	EndGlobalSection
	GlobalSection(SolutionProperties) = preSolution
		HideSolutionNode = FALSE
	EndGlobalSection
	GlobalSection(NestedProjects) = preSolution
		{D5AF3635-1554-49E0-A560-0B928145E8B0} = {092562A0-C645-4D40-9607-90820FBAAC7D}
		{5AFC5A46-D8A7-4EA2-8E31-F3848BA4E1CE} = {092562A0-C645-4D40-9607-90820FBAAC7D}
	EndGlobalSection
EndGlobal
